
Microsoft Visual Studio Solution File, Format Version 12.00
# Visual Studio Version 16
VisualStudioVersion = 16.0.29020.237
MinimumVisualStudioVersion = 10.0.40219.1
Project("{FAE04EC0-301F-11D3-BF4B-00C04F79EFBC}") = "EncryptionDecryptionConnString", "EncryptionDecryptionConnString\EncryptionDecryptionConnString.csproj", "{43BC626A-0119-40B8-B00A-66CE56EB7F6A}"
EndProject
Project("{54435603-DBB4-11D2-8724-00A0C9A8B90C}") = "EncryptionDecryptionConnStringSetup", "EncryptionDecryptionConnStringSetup\EncryptionDecryptionConnStringSetup.vdproj", "{63CF9F71-F28C-4341-9837-98C6AD46574E}"
EndProject
Global
	GlobalSection(SolutionConfigurationPlatforms) = preSolution
		Debug|Any CPU = Debug|Any CPU
		Release|Any CPU = Release|Any CPU
	EndGlobalSection
	GlobalSection(ProjectConfigurationPlatforms) = postSolution
		{43BC626A-0119-40B8-B00A-66CE56EB7F6A}.Debug|Any CPU.ActiveCfg = Debug|Any CPU
		{43BC626A-0119-40B8-B00A-66CE56EB7F6A}.Debug|Any CPU.Build.0 = Debug|Any CPU
		{43BC626A-0119-40B8-B00A-66CE56EB7F6A}.Release|Any CPU.ActiveCfg = Release|Any CPU
		{43BC626A-0119-40B8-B00A-66CE56EB7F6A}.Release|Any CPU.Build.0 = Release|Any CPU
		{63CF9F71-F28C-4341-9837-98C6AD46574E}.Debug|Any CPU.ActiveCfg = Debug
		{63CF9F71-F28C-4341-9837-98C6AD46574E}.Release|Any CPU.ActiveCfg = Release
	EndGlobalSection
	GlobalSection(SolutionProperties) = preSolution
		HideSolutionNode = FALSE
	EndGlobalSection
	GlobalSection(ExtensibilityGlobals) = postSolution
		SolutionGuid = {F0415239-AAD0-45D4-826E-8CBFAC599609}
	EndGlobalSection
EndGlobal
